
Microsoft Visual Studio Solution File, Format Version 12.00
# Visual Studio 15
VisualStudioVersion = 15.0.26730.12
MinimumVisualStudioVersion = 10.0.40219.1
Project("{FAE04EC0-301F-11D3-BF4B-00C04F79EFBC}") = "MvvmWebIOS.Droid", "MvvmWebIOS.Droid\MvvmWebIOS.Droid.csproj", "{2E12B8AF-09BC-49B2-A028-0BE681EEA9DB}"
EndProject
Project("{9A19103F-16F7-4668-BE54-9A1E7A4F7556}") = "MvvmWebIOS.Core", "MvvmWebIOS.Core\MvvmWebIOS.Core.csproj", "{569DBEF7-B79F-41EA-9074-F3EDB59DB0B0}"
EndProject
Project("{FAE04EC0-301F-11D3-BF4B-00C04F79EFBC}") = "MvvmWebIOS.iOS", "MvvmWebIOS.iOS\MvvmWebIOS.iOS.csproj", "{AA65EEF8-B034-46AE-8DA6-4A82F42B0337}"
EndProject
Project("{FAE04EC0-301F-11D3-BF4B-00C04F79EFBC}") = "MvvmWebIOS.UWP", "MvvmWebIOS.UWP\MvvmWebIOS.UWP.csproj", "{D7346714-B87D-424A-9232-BEBE37767139}"
EndProject
Project("{FAE04EC0-301F-11D3-BF4B-00C04F79EFBC}") = "MvvmWebIOS.WPF", "MvvmWebIOS.WPF\MvvmWebIOS.WPF.csproj", "{7492E905-07DD-44FF-8A35-3D54BC8F263F}"
EndProject
Global
	GlobalSection(SolutionConfigurationPlatforms) = preSolution
		Ad-Hoc|Any CPU = Ad-Hoc|Any CPU
		Ad-Hoc|ARM = Ad-Hoc|ARM
		Ad-Hoc|iPhone = Ad-Hoc|iPhone
		Ad-Hoc|iPhoneSimulator = Ad-Hoc|iPhoneSimulator
		Ad-Hoc|x64 = Ad-Hoc|x64
		Ad-Hoc|x86 = Ad-Hoc|x86
		AppStore|Any CPU = AppStore|Any CPU
		AppStore|ARM = AppStore|ARM
		AppStore|iPhone = AppStore|iPhone
		AppStore|iPhoneSimulator = AppStore|iPhoneSimulator
		AppStore|x64 = AppStore|x64
		AppStore|x86 = AppStore|x86
		Debug|Any CPU = Debug|Any CPU
		Debug|ARM = Debug|ARM
		Debug|iPhone = Debug|iPhone
		Debug|iPhoneSimulator = Debug|iPhoneSimulator
		Debug|x64 = Debug|x64
		Debug|x86 = Debug|x86
		Release|Any CPU = Release|Any CPU
		Release|ARM = Release|ARM
		Release|iPhone = Release|iPhone
		Release|iPhoneSimulator = Release|iPhoneSimulator
		Release|x64 = Release|x64
		Release|x86 = Release|x86
	EndGlobalSection
	GlobalSection(ProjectConfigurationPlatforms) = postSolution
		{2E12B8AF-09BC-49B2-A028-0BE681EEA9DB}.Ad-Hoc|Any CPU.ActiveCfg = Release|Any CPU
		{2E12B8AF-09BC-49B2-A028-0BE681EEA9DB}.Ad-Hoc|Any CPU.Build.0 = Release|Any CPU
		{2E12B8AF-09BC-49B2-A028-0BE681EEA9DB}.Ad-Hoc|Any CPU.Deploy.0 = Release|Any CPU
		{2E12B8AF-09BC-49B2-A028-0BE681EEA9DB}.Ad-Hoc|ARM.ActiveCfg = Release|Any CPU
		{2E12B8AF-09BC-49B2-A028-0BE681EEA9DB}.Ad-Hoc|ARM.Build.0 = Release|Any CPU
		{2E12B8AF-09BC-49B2-A028-0BE681EEA9DB}.Ad-Hoc|ARM.Deploy.0 = Release|Any CPU
		{2E12B8AF-09BC-49B2-A028-0BE681EEA9DB}.Ad-Hoc|iPhone.ActiveCfg = Release|Any CPU
		{2E12B8AF-09BC-49B2-A028-0BE681EEA9DB}.Ad-Hoc|iPhone.Build.0 = Release|Any CPU
		{2E12B8AF-09BC-49B2-A028-0BE681EEA9DB}.Ad-Hoc|iPhone.Deploy.0 = Release|Any CPU
		{2E12B8AF-09BC-49B2-A028-0BE681EEA9DB}.Ad-Hoc|iPhoneSimulator.ActiveCfg = Release|Any CPU
		{2E12B8AF-09BC-49B2-A028-0BE681EEA9DB}.Ad-Hoc|iPhoneSimulator.Build.0 = Release|Any CPU
		{2E12B8AF-09BC-49B2-A028-0BE681EEA9DB}.Ad-Hoc|iPhoneSimulator.Deploy.0 = Release|Any CPU
		{2E12B8AF-09BC-49B2-A028-0BE681EEA9DB}.Ad-Hoc|x64.ActiveCfg = Release|Any CPU
		{2E12B8AF-09BC-49B2-A028-0BE681EEA9DB}.Ad-Hoc|x64.Build.0 = Release|Any CPU
		{2E12B8AF-09BC-49B2-A028-0BE681EEA9DB}.Ad-Hoc|x64.Deploy.0 = Release|Any CPU
		{2E12B8AF-09BC-49B2-A028-0BE681EEA9DB}.Ad-Hoc|x86.ActiveCfg = Release|Any CPU
		{2E12B8AF-09BC-49B2-A028-0BE681EEA9DB}.Ad-Hoc|x86.Build.0 = Release|Any CPU
		{2E12B8AF-09BC-49B2-A028-0BE681EEA9DB}.Ad-Hoc|x86.Deploy.0 = Release|Any CPU
		{2E12B8AF-09BC-49B2-A028-0BE681EEA9DB}.AppStore|Any CPU.ActiveCfg = Release|Any CPU
		{2E12B8AF-09BC-49B2-A028-0BE681EEA9DB}.AppStore|Any CPU.Build.0 = Release|Any CPU
		{2E12B8AF-09BC-49B2-A028-0BE681EEA9DB}.AppStore|Any CPU.Deploy.0 = Release|Any CPU
		{2E12B8AF-09BC-49B2-A028-0BE681EEA9DB}.AppStore|ARM.ActiveCfg = Release|Any CPU
		{2E12B8AF-09BC-49B2-A028-0BE681EEA9DB}.AppStore|ARM.Build.0 = Release|Any CPU
		{2E12B8AF-09BC-49B2-A028-0BE681EEA9DB}.AppStore|ARM.Deploy.0 = Release|Any CPU
		{2E12B8AF-09BC-49B2-A028-0BE681EEA9DB}.AppStore|iPhone.ActiveCfg = Release|Any CPU
		{2E12B8AF-09BC-49B2-A028-0BE681EEA9DB}.AppStore|iPhone.Build.0 = Release|Any CPU
		{2E12B8AF-09BC-49B2-A028-0BE681EEA9DB}.AppStore|iPhone.Deploy.0 = Release|Any CPU
		{2E12B8AF-09BC-49B2-A028-0BE681EEA9DB}.AppStore|iPhoneSimulator.ActiveCfg = Release|Any CPU
		{2E12B8AF-09BC-49B2-A028-0BE681EEA9DB}.AppStore|iPhoneSimulator.Build.0 = Release|Any CPU
		{2E12B8AF-09BC-49B2-A028-0BE681EEA9DB}.AppStore|iPhoneSimulator.Deploy.0 = Release|Any CPU
		{2E12B8AF-09BC-49B2-A028-0BE681EEA9DB}.AppStore|x64.ActiveCfg = Release|Any CPU
		{2E12B8AF-09BC-49B2-A028-0BE681EEA9DB}.AppStore|x64.Build.0 = Release|Any CPU
		{2E12B8AF-09BC-49B2-A028-0BE681EEA9DB}.AppStore|x64.Deploy.0 = Release|Any CPU
		{2E12B8AF-09BC-49B2-A028-0BE681EEA9DB}.AppStore|x86.ActiveCfg = Release|Any CPU
		{2E12B8AF-09BC-49B2-A028-0BE681EEA9DB}.AppStore|x86.Build.0 = Release|Any CPU
		{2E12B8AF-09BC-49B2-A028-0BE681EEA9DB}.AppStore|x86.Deploy.0 = Release|Any CPU
		{2E12B8AF-09BC-49B2-A028-0BE681EEA9DB}.Debug|Any CPU.ActiveCfg = Debug|Any CPU
		{2E12B8AF-09BC-49B2-A028-0BE681EEA9DB}.Debug|Any CPU.Build.0 = Debug|Any CPU
		{2E12B8AF-09BC-49B2-A028-0BE681EEA9DB}.Debug|ARM.ActiveCfg = Debug|Any CPU
		{2E12B8AF-09BC-49B2-A028-0BE681EEA9DB}.Debug|ARM.Build.0 = Debug|Any CPU
		{2E12B8AF-09BC-49B2-A028-0BE681EEA9DB}.Debug|ARM.Deploy.0 = Debug|Any CPU
		{2E12B8AF-09BC-49B2-A028-0BE681EEA9DB}.Debug|iPhone.ActiveCfg = Debug|Any CPU
		{2E12B8AF-09BC-49B2-A028-0BE681EEA9DB}.Debug|iPhone.Build.0 = Debug|Any CPU
		{2E12B8AF-09BC-49B2-A028-0BE681EEA9DB}.Debug|iPhone.Deploy.0 = Debug|Any CPU
		{2E12B8AF-09BC-49B2-A028-0BE681EEA9DB}.Debug|iPhoneSimulator.ActiveCfg = Debug|Any CPU
		{2E12B8AF-09BC-49B2-A028-0BE681EEA9DB}.Debug|iPhoneSimulator.Build.0 = Debug|Any CPU
		{2E12B8AF-09BC-49B2-A028-0BE681EEA9DB}.Debug|iPhoneSimulator.Deploy.0 = Debug|Any CPU
		{2E12B8AF-09BC-49B2-A028-0BE681EEA9DB}.Debug|x64.ActiveCfg = Debug|Any CPU
		{2E12B8AF-09BC-49B2-A028-0BE681EEA9DB}.Debug|x64.Build.0 = Debug|Any CPU
		{2E12B8AF-09BC-49B2-A028-0BE681EEA9DB}.Debug|x64.Deploy.0 = Debug|Any CPU
		{2E12B8AF-09BC-49B2-A028-0BE681EEA9DB}.Debug|x86.ActiveCfg = Debug|Any CPU
		{2E12B8AF-09BC-49B2-A028-0BE681EEA9DB}.Debug|x86.Build.0 = Debug|Any CPU
		{2E12B8AF-09BC-49B2-A028-0BE681EEA9DB}.Debug|x86.Deploy.0 = Debug|Any CPU
		{2E12B8AF-09BC-49B2-A028-0BE681EEA9DB}.Release|Any CPU.ActiveCfg = Release|Any CPU
		{2E12B8AF-09BC-49B2-A028-0BE681EEA9DB}.Release|ARM.ActiveCfg = Release|Any CPU
		{2E12B8AF-09BC-49B2-A028-0BE681EEA9DB}.Release|ARM.Build.0 = Release|Any CPU
		{2E12B8AF-09BC-49B2-A028-0BE681EEA9DB}.Release|ARM.Deploy.0 = Release|Any CPU
		{2E12B8AF-09BC-49B2-A028-0BE681EEA9DB}.Release|iPhone.ActiveCfg = Release|Any CPU
		{2E12B8AF-09BC-49B2-A028-0BE681EEA9DB}.Release|iPhone.Build.0 = Release|Any CPU
		{2E12B8AF-09BC-49B2-A028-0BE681EEA9DB}.Release|iPhone.Deploy.0 = Release|Any CPU
		{2E12B8AF-09BC-49B2-A028-0BE681EEA9DB}.Release|iPhoneSimulator.ActiveCfg = Release|Any CPU
		{2E12B8AF-09BC-49B2-A028-0BE681EEA9DB}.Release|iPhoneSimulator.Build.0 = Release|Any CPU
		{2E12B8AF-09BC-49B2-A028-0BE681EEA9DB}.Release|iPhoneSimulator.Deploy.0 = Release|Any CPU
		{2E12B8AF-09BC-49B2-A028-0BE681EEA9DB}.Release|x64.ActiveCfg = Release|Any CPU
		{2E12B8AF-09BC-49B2-A028-0BE681EEA9DB}.Release|x64.Build.0 = Release|Any CPU
		{2E12B8AF-09BC-49B2-A028-0BE681EEA9DB}.Release|x64.Deploy.0 = Release|Any CPU
		{2E12B8AF-09BC-49B2-A028-0BE681EEA9DB}.Release|x86.ActiveCfg = Release|Any CPU
		{2E12B8AF-09BC-49B2-A028-0BE681EEA9DB}.Release|x86.Build.0 = Release|Any CPU
		{2E12B8AF-09BC-49B2-A028-0BE681EEA9DB}.Release|x86.Deploy.0 = Release|Any CPU
		{569DBEF7-B79F-41EA-9074-F3EDB59DB0B0}.Ad-Hoc|Any CPU.ActiveCfg = Release|Any CPU
		{569DBEF7-B79F-41EA-9074-F3EDB59DB0B0}.Ad-Hoc|Any CPU.Build.0 = Release|Any CPU
		{569DBEF7-B79F-41EA-9074-F3EDB59DB0B0}.Ad-Hoc|ARM.ActiveCfg = Release|Any CPU
		{569DBEF7-B79F-41EA-9074-F3EDB59DB0B0}.Ad-Hoc|ARM.Build.0 = Release|Any CPU
		{569DBEF7-B79F-41EA-9074-F3EDB59DB0B0}.Ad-Hoc|iPhone.ActiveCfg = Release|Any CPU
		{569DBEF7-B79F-41EA-9074-F3EDB59DB0B0}.Ad-Hoc|iPhone.Build.0 = Release|Any CPU
		{569DBEF7-B79F-41EA-9074-F3EDB59DB0B0}.Ad-Hoc|iPhoneSimulator.ActiveCfg = Release|Any CPU
		{569DBEF7-B79F-41EA-9074-F3EDB59DB0B0}.Ad-Hoc|iPhoneSimulator.Build.0 = Release|Any CPU
		{569DBEF7-B79F-41EA-9074-F3EDB59DB0B0}.Ad-Hoc|x64.ActiveCfg = Release|Any CPU
		{569DBEF7-B79F-41EA-9074-F3EDB59DB0B0}.Ad-Hoc|x64.Build.0 = Release|Any CPU
		{569DBEF7-B79F-41EA-9074-F3EDB59DB0B0}.Ad-Hoc|x86.ActiveCfg = Release|Any CPU
		{569DBEF7-B79F-41EA-9074-F3EDB59DB0B0}.Ad-Hoc|x86.Build.0 = Release|Any CPU
		{569DBEF7-B79F-41EA-9074-F3EDB59DB0B0}.AppStore|Any CPU.ActiveCfg = Release|Any CPU
		{569DBEF7-B79F-41EA-9074-F3EDB59DB0B0}.AppStore|Any CPU.Build.0 = Release|Any CPU
		{569DBEF7-B79F-41EA-9074-F3EDB59DB0B0}.AppStore|ARM.ActiveCfg = Release|Any CPU
		{569DBEF7-B79F-41EA-9074-F3EDB59DB0B0}.AppStore|ARM.Build.0 = Release|Any CPU
		{569DBEF7-B79F-41EA-9074-F3EDB59DB0B0}.AppStore|iPhone.ActiveCfg = Release|Any CPU
		{569DBEF7-B79F-41EA-9074-F3EDB59DB0B0}.AppStore|iPhone.Build.0 = Release|Any CPU
		{569DBEF7-B79F-41EA-9074-F3EDB59DB0B0}.AppStore|iPhoneSimulator.ActiveCfg = Release|Any CPU
		{569DBEF7-B79F-41EA-9074-F3EDB59DB0B0}.AppStore|iPhoneSimulator.Build.0 = Release|Any CPU
		{569DBEF7-B79F-41EA-9074-F3EDB59DB0B0}.AppStore|x64.ActiveCfg = Release|Any CPU
		{569DBEF7-B79F-41EA-9074-F3EDB59DB0B0}.AppStore|x64.Build.0 = Release|Any CPU
		{569DBEF7-B79F-41EA-9074-F3EDB59DB0B0}.AppStore|x86.ActiveCfg = Release|Any CPU
		{569DBEF7-B79F-41EA-9074-F3EDB59DB0B0}.AppStore|x86.Build.0 = Release|Any CPU
		{569DBEF7-B79F-41EA-9074-F3EDB59DB0B0}.Debug|Any CPU.ActiveCfg = Debug|Any CPU
		{569DBEF7-B79F-41EA-9074-F3EDB59DB0B0}.Debug|Any CPU.Build.0 = Debug|Any CPU
		{569DBEF7-B79F-41EA-9074-F3EDB59DB0B0}.Debug|ARM.ActiveCfg = Debug|Any CPU
		{569DBEF7-B79F-41EA-9074-F3EDB59DB0B0}.Debug|ARM.Build.0 = Debug|Any CPU
		{569DBEF7-B79F-41EA-9074-F3EDB59DB0B0}.Debug|iPhone.ActiveCfg = Debug|Any CPU
		{569DBEF7-B79F-41EA-9074-F3EDB59DB0B0}.Debug|iPhone.Build.0 = Debug|Any CPU
		{569DBEF7-B79F-41EA-9074-F3EDB59DB0B0}.Debug|iPhoneSimulator.ActiveCfg = Debug|Any CPU
		{569DBEF7-B79F-41EA-9074-F3EDB59DB0B0}.Debug|iPhoneSimulator.Build.0 = Debug|Any CPU
		{569DBEF7-B79F-41EA-9074-F3EDB59DB0B0}.Debug|x64.ActiveCfg = Debug|Any CPU
		{569DBEF7-B79F-41EA-9074-F3EDB59DB0B0}.Debug|x64.Build.0 = Debug|Any CPU
		{569DBEF7-B79F-41EA-9074-F3EDB59DB0B0}.Debug|x86.ActiveCfg = Debug|Any CPU
		{569DBEF7-B79F-41EA-9074-F3EDB59DB0B0}.Debug|x86.Build.0 = Debug|Any CPU
		{569DBEF7-B79F-41EA-9074-F3EDB59DB0B0}.Release|Any CPU.ActiveCfg = Release|Any CPU
		{569DBEF7-B79F-41EA-9074-F3EDB59DB0B0}.Release|ARM.ActiveCfg = Release|Any CPU
		{569DBEF7-B79F-41EA-9074-F3EDB59DB0B0}.Release|ARM.Build.0 = Release|Any CPU
		{569DBEF7-B79F-41EA-9074-F3EDB59DB0B0}.Release|iPhone.ActiveCfg = Release|Any CPU
		{569DBEF7-B79F-41EA-9074-F3EDB59DB0B0}.Release|iPhone.Build.0 = Release|Any CPU
		{569DBEF7-B79F-41EA-9074-F3EDB59DB0B0}.Release|iPhoneSimulator.ActiveCfg = Release|Any CPU
		{569DBEF7-B79F-41EA-9074-F3EDB59DB0B0}.Release|iPhoneSimulator.Build.0 = Release|Any CPU
		{569DBEF7-B79F-41EA-9074-F3EDB59DB0B0}.Release|x64.ActiveCfg = Release|Any CPU
		{569DBEF7-B79F-41EA-9074-F3EDB59DB0B0}.Release|x64.Build.0 = Release|Any CPU
		{569DBEF7-B79F-41EA-9074-F3EDB59DB0B0}.Release|x86.ActiveCfg = Release|Any CPU
		{569DBEF7-B79F-41EA-9074-F3EDB59DB0B0}.Release|x86.Build.0 = Release|Any CPU
		{AA65EEF8-B034-46AE-8DA6-4A82F42B0337}.Ad-Hoc|Any CPU.ActiveCfg = Ad-Hoc|iPhone
		{AA65EEF8-B034-46AE-8DA6-4A82F42B0337}.Ad-Hoc|ARM.ActiveCfg = Ad-Hoc|iPhone
		{AA65EEF8-B034-46AE-8DA6-4A82F42B0337}.Ad-Hoc|iPhone.ActiveCfg = Ad-Hoc|iPhone
		{AA65EEF8-B034-46AE-8DA6-4A82F42B0337}.Ad-Hoc|iPhone.Build.0 = Ad-Hoc|iPhone
		{AA65EEF8-B034-46AE-8DA6-4A82F42B0337}.Ad-Hoc|iPhoneSimulator.ActiveCfg = Ad-Hoc|iPhoneSimulator
		{AA65EEF8-B034-46AE-8DA6-4A82F42B0337}.Ad-Hoc|iPhoneSimulator.Build.0 = Ad-Hoc|iPhoneSimulator
		{AA65EEF8-B034-46AE-8DA6-4A82F42B0337}.Ad-Hoc|x64.ActiveCfg = Ad-Hoc|iPhone
		{AA65EEF8-B034-46AE-8DA6-4A82F42B0337}.Ad-Hoc|x86.ActiveCfg = Ad-Hoc|iPhone
		{AA65EEF8-B034-46AE-8DA6-4A82F42B0337}.AppStore|Any CPU.ActiveCfg = AppStore|iPhone
		{AA65EEF8-B034-46AE-8DA6-4A82F42B0337}.AppStore|ARM.ActiveCfg = AppStore|iPhone
		{AA65EEF8-B034-46AE-8DA6-4A82F42B0337}.AppStore|iPhone.ActiveCfg = AppStore|iPhone
		{AA65EEF8-B034-46AE-8DA6-4A82F42B0337}.AppStore|iPhone.Build.0 = AppStore|iPhone
		{AA65EEF8-B034-46AE-8DA6-4A82F42B0337}.AppStore|iPhoneSimulator.ActiveCfg = AppStore|iPhoneSimulator
		{AA65EEF8-B034-46AE-8DA6-4A82F42B0337}.AppStore|iPhoneSimulator.Build.0 = AppStore|iPhoneSimulator
		{AA65EEF8-B034-46AE-8DA6-4A82F42B0337}.AppStore|x64.ActiveCfg = AppStore|iPhone
		{AA65EEF8-B034-46AE-8DA6-4A82F42B0337}.AppStore|x86.ActiveCfg = AppStore|iPhone
		{AA65EEF8-B034-46AE-8DA6-4A82F42B0337}.Debug|Any CPU.ActiveCfg = Debug|iPhoneSimulator
		{AA65EEF8-B034-46AE-8DA6-4A82F42B0337}.Debug|Any CPU.Build.0 = Debug|iPhoneSimulator
		{AA65EEF8-B034-46AE-8DA6-4A82F42B0337}.Debug|ARM.ActiveCfg = Debug|iPhone
		{AA65EEF8-B034-46AE-8DA6-4A82F42B0337}.Debug|iPhone.ActiveCfg = Debug|iPhone
		{AA65EEF8-B034-46AE-8DA6-4A82F42B0337}.Debug|iPhone.Build.0 = Debug|iPhone
		{AA65EEF8-B034-46AE-8DA6-4A82F42B0337}.Debug|iPhoneSimulator.ActiveCfg = Debug|iPhoneSimulator
		{AA65EEF8-B034-46AE-8DA6-4A82F42B0337}.Debug|iPhoneSimulator.Build.0 = Debug|iPhoneSimulator
		{AA65EEF8-B034-46AE-8DA6-4A82F42B0337}.Debug|x64.ActiveCfg = Debug|iPhone
		{AA65EEF8-B034-46AE-8DA6-4A82F42B0337}.Debug|x86.ActiveCfg = Debug|iPhone
		{AA65EEF8-B034-46AE-8DA6-4A82F42B0337}.Release|Any CPU.ActiveCfg = Release|iPhone
		{AA65EEF8-B034-46AE-8DA6-4A82F42B0337}.Release|ARM.ActiveCfg = Release|iPhone
		{AA65EEF8-B034-46AE-8DA6-4A82F42B0337}.Release|iPhone.ActiveCfg = Release|iPhone
		{AA65EEF8-B034-46AE-8DA6-4A82F42B0337}.Release|iPhone.Build.0 = Release|iPhone
		{AA65EEF8-B034-46AE-8DA6-4A82F42B0337}.Release|iPhoneSimulator.ActiveCfg = Release|iPhoneSimulator
		{AA65EEF8-B034-46AE-8DA6-4A82F42B0337}.Release|iPhoneSimulator.Build.0 = Release|iPhoneSimulator
		{AA65EEF8-B034-46AE-8DA6-4A82F42B0337}.Release|x64.ActiveCfg = Release|iPhone
		{AA65EEF8-B034-46AE-8DA6-4A82F42B0337}.Release|x86.ActiveCfg = Release|iPhone
		{D7346714-B87D-424A-9232-BEBE37767139}.Ad-Hoc|Any CPU.ActiveCfg = Release|x64
		{D7346714-B87D-424A-9232-BEBE37767139}.Ad-Hoc|Any CPU.Build.0 = Release|x64
		{D7346714-B87D-424A-9232-BEBE37767139}.Ad-Hoc|Any CPU.Deploy.0 = Release|x64
		{D7346714-B87D-424A-9232-BEBE37767139}.Ad-Hoc|ARM.ActiveCfg = Release|ARM
		{D7346714-B87D-424A-9232-BEBE37767139}.Ad-Hoc|ARM.Build.0 = Release|ARM
		{D7346714-B87D-424A-9232-BEBE37767139}.Ad-Hoc|ARM.Deploy.0 = Release|ARM
		{D7346714-B87D-424A-9232-BEBE37767139}.Ad-Hoc|iPhone.ActiveCfg = Release|x64
		{D7346714-B87D-424A-9232-BEBE37767139}.Ad-Hoc|iPhone.Build.0 = Release|x64
		{D7346714-B87D-424A-9232-BEBE37767139}.Ad-Hoc|iPhone.Deploy.0 = Release|x64
		{D7346714-B87D-424A-9232-BEBE37767139}.Ad-Hoc|iPhoneSimulator.ActiveCfg = Release|x64
		{D7346714-B87D-424A-9232-BEBE37767139}.Ad-Hoc|iPhoneSimulator.Build.0 = Release|x64
		{D7346714-B87D-424A-9232-BEBE37767139}.Ad-Hoc|iPhoneSimulator.Deploy.0 = Release|x64
		{D7346714-B87D-424A-9232-BEBE37767139}.Ad-Hoc|x64.ActiveCfg = Release|x64
		{D7346714-B87D-424A-9232-BEBE37767139}.Ad-Hoc|x64.Build.0 = Release|x64
		{D7346714-B87D-424A-9232-BEBE37767139}.Ad-Hoc|x64.Deploy.0 = Release|x64
		{D7346714-B87D-424A-9232-BEBE37767139}.Ad-Hoc|x86.ActiveCfg = Release|x86
		{D7346714-B87D-424A-9232-BEBE37767139}.Ad-Hoc|x86.Build.0 = Release|x86
		{D7346714-B87D-424A-9232-BEBE37767139}.Ad-Hoc|x86.Deploy.0 = Release|x86
		{D7346714-B87D-424A-9232-BEBE37767139}.AppStore|Any CPU.ActiveCfg = Release|x64
		{D7346714-B87D-424A-9232-BEBE37767139}.AppStore|Any CPU.Build.0 = Release|x64
		{D7346714-B87D-424A-9232-BEBE37767139}.AppStore|Any CPU.Deploy.0 = Release|x64
		{D7346714-B87D-424A-9232-BEBE37767139}.AppStore|ARM.ActiveCfg = Release|ARM
		{D7346714-B87D-424A-9232-BEBE37767139}.AppStore|ARM.Build.0 = Release|ARM
		{D7346714-B87D-424A-9232-BEBE37767139}.AppStore|ARM.Deploy.0 = Release|ARM
		{D7346714-B87D-424A-9232-BEBE37767139}.AppStore|iPhone.ActiveCfg = Release|x64
		{D7346714-B87D-424A-9232-BEBE37767139}.AppStore|iPhone.Build.0 = Release|x64
		{D7346714-B87D-424A-9232-BEBE37767139}.AppStore|iPhone.Deploy.0 = Release|x64
		{D7346714-B87D-424A-9232-BEBE37767139}.AppStore|iPhoneSimulator.ActiveCfg = Release|x64
		{D7346714-B87D-424A-9232-BEBE37767139}.AppStore|iPhoneSimulator.Build.0 = Release|x64
		{D7346714-B87D-424A-9232-BEBE37767139}.AppStore|iPhoneSimulator.Deploy.0 = Release|x64
		{D7346714-B87D-424A-9232-BEBE37767139}.AppStore|x64.ActiveCfg = Release|x64
		{D7346714-B87D-424A-9232-BEBE37767139}.AppStore|x64.Build.0 = Release|x64
		{D7346714-B87D-424A-9232-BEBE37767139}.AppStore|x64.Deploy.0 = Release|x64
		{D7346714-B87D-424A-9232-BEBE37767139}.AppStore|x86.ActiveCfg = Release|x86
		{D7346714-B87D-424A-9232-BEBE37767139}.AppStore|x86.Build.0 = Release|x86
		{D7346714-B87D-424A-9232-BEBE37767139}.AppStore|x86.Deploy.0 = Release|x86
		{D7346714-B87D-424A-9232-BEBE37767139}.Debug|Any CPU.ActiveCfg = Debug|x86
		{D7346714-B87D-424A-9232-BEBE37767139}.Debug|ARM.ActiveCfg = Debug|ARM
		{D7346714-B87D-424A-9232-BEBE37767139}.Debug|ARM.Build.0 = Debug|ARM
		{D7346714-B87D-424A-9232-BEBE37767139}.Debug|ARM.Deploy.0 = Debug|ARM
		{D7346714-B87D-424A-9232-BEBE37767139}.Debug|iPhone.ActiveCfg = Debug|x86
		{D7346714-B87D-424A-9232-BEBE37767139}.Debug|iPhoneSimulator.ActiveCfg = Debug|x86
		{D7346714-B87D-424A-9232-BEBE37767139}.Debug|x64.ActiveCfg = Debug|x64
		{D7346714-B87D-424A-9232-BEBE37767139}.Debug|x64.Build.0 = Debug|x64
		{D7346714-B87D-424A-9232-BEBE37767139}.Debug|x64.Deploy.0 = Debug|x64
		{D7346714-B87D-424A-9232-BEBE37767139}.Debug|x86.ActiveCfg = Debug|x86
		{D7346714-B87D-424A-9232-BEBE37767139}.Debug|x86.Build.0 = Debug|x86
		{D7346714-B87D-424A-9232-BEBE37767139}.Debug|x86.Deploy.0 = Debug|x86
		{D7346714-B87D-424A-9232-BEBE37767139}.Release|Any CPU.ActiveCfg = Release|x86
		{D7346714-B87D-424A-9232-BEBE37767139}.Release|ARM.ActiveCfg = Release|ARM
		{D7346714-B87D-424A-9232-BEBE37767139}.Release|ARM.Build.0 = Release|ARM
		{D7346714-B87D-424A-9232-BEBE37767139}.Release|ARM.Deploy.0 = Release|ARM
		{D7346714-B87D-424A-9232-BEBE37767139}.Release|iPhone.ActiveCfg = Release|x86
		{D7346714-B87D-424A-9232-BEBE37767139}.Release|iPhoneSimulator.ActiveCfg = Release|x86
		{D7346714-B87D-424A-9232-BEBE37767139}.Release|x64.ActiveCfg = Release|x64
		{D7346714-B87D-424A-9232-BEBE37767139}.Release|x64.Build.0 = Release|x64
		{D7346714-B87D-424A-9232-BEBE37767139}.Release|x64.Deploy.0 = Release|x64
		{D7346714-B87D-424A-9232-BEBE37767139}.Release|x86.ActiveCfg = Release|x86
		{D7346714-B87D-424A-9232-BEBE37767139}.Release|x86.Build.0 = Release|x86
		{D7346714-B87D-424A-9232-BEBE37767139}.Release|x86.Deploy.0 = Release|x86
		{7492E905-07DD-44FF-8A35-3D54BC8F263F}.Ad-Hoc|Any CPU.ActiveCfg = Release|Any CPU
		{7492E905-07DD-44FF-8A35-3D54BC8F263F}.Ad-Hoc|Any CPU.Build.0 = Release|Any CPU
		{7492E905-07DD-44FF-8A35-3D54BC8F263F}.Ad-Hoc|ARM.ActiveCfg = Release|Any CPU
		{7492E905-07DD-44FF-8A35-3D54BC8F263F}.Ad-Hoc|ARM.Build.0 = Release|Any CPU
		{7492E905-07DD-44FF-8A35-3D54BC8F263F}.Ad-Hoc|iPhone.ActiveCfg = Release|Any CPU
		{7492E905-07DD-44FF-8A35-3D54BC8F263F}.Ad-Hoc|iPhone.Build.0 = Release|Any CPU
		{7492E905-07DD-44FF-8A35-3D54BC8F263F}.Ad-Hoc|iPhoneSimulator.ActiveCfg = Release|Any CPU
		{7492E905-07DD-44FF-8A35-3D54BC8F263F}.Ad-Hoc|iPhoneSimulator.Build.0 = Release|Any CPU
		{7492E905-07DD-44FF-8A35-3D54BC8F263F}.Ad-Hoc|x64.ActiveCfg = Release|Any CPU
		{7492E905-07DD-44FF-8A35-3D54BC8F263F}.Ad-Hoc|x64.Build.0 = Release|Any CPU
		{7492E905-07DD-44FF-8A35-3D54BC8F263F}.Ad-Hoc|x86.ActiveCfg = Release|Any CPU
		{7492E905-07DD-44FF-8A35-3D54BC8F263F}.Ad-Hoc|x86.Build.0 = Release|Any CPU
		{7492E905-07DD-44FF-8A35-3D54BC8F263F}.AppStore|Any CPU.ActiveCfg = Release|Any CPU
		{7492E905-07DD-44FF-8A35-3D54BC8F263F}.AppStore|Any CPU.Build.0 = Release|Any CPU
		{7492E905-07DD-44FF-8A35-3D54BC8F263F}.AppStore|ARM.ActiveCfg = Release|Any CPU
		{7492E905-07DD-44FF-8A35-3D54BC8F263F}.AppStore|ARM.Build.0 = Release|Any CPU
		{7492E905-07DD-44FF-8A35-3D54BC8F263F}.AppStore|iPhone.ActiveCfg = Release|Any CPU
		{7492E905-07DD-44FF-8A35-3D54BC8F263F}.AppStore|iPhone.Build.0 = Release|Any CPU
		{7492E905-07DD-44FF-8A35-3D54BC8F263F}.AppStore|iPhoneSimulator.ActiveCfg = Release|Any CPU
		{7492E905-07DD-44FF-8A35-3D54BC8F263F}.AppStore|iPhoneSimulator.Build.0 = Release|Any CPU
		{7492E905-07DD-44FF-8A35-3D54BC8F263F}.AppStore|x64.ActiveCfg = Release|Any CPU
		{7492E905-07DD-44FF-8A35-3D54BC8F263F}.AppStore|x64.Build.0 = Release|Any CPU
		{7492E905-07DD-44FF-8A35-3D54BC8F263F}.AppStore|x86.ActiveCfg = Release|Any CPU
		{7492E905-07DD-44FF-8A35-3D54BC8F263F}.AppStore|x86.Build.0 = Release|Any CPU
		{7492E905-07DD-44FF-8A35-3D54BC8F263F}.Debug|Any CPU.ActiveCfg = Debug|Any CPU
		{7492E905-07DD-44FF-8A35-3D54BC8F263F}.Debug|Any CPU.Build.0 = Debug|Any CPU
		{7492E905-07DD-44FF-8A35-3D54BC8F263F}.Debug|ARM.ActiveCfg = Debug|Any CPU
		{7492E905-07DD-44FF-8A35-3D54BC8F263F}.Debug|ARM.Build.0 = Debug|Any CPU
		{7492E905-07DD-44FF-8A35-3D54BC8F263F}.Debug|iPhone.ActiveCfg = Debug|Any CPU
		{7492E905-07DD-44FF-8A35-3D54BC8F263F}.Debug|iPhone.Build.0 = Debug|Any CPU
		{7492E905-07DD-44FF-8A35-3D54BC8F263F}.Debug|iPhoneSimulator.ActiveCfg = Debug|Any CPU
		{7492E905-07DD-44FF-8A35-3D54BC8F263F}.Debug|iPhoneSimulator.Build.0 = Debug|Any CPU
		{7492E905-07DD-44FF-8A35-3D54BC8F263F}.Debug|x64.ActiveCfg = Debug|Any CPU
		{7492E905-07DD-44FF-8A35-3D54BC8F263F}.Debug|x64.Build.0 = Debug|Any CPU
		{7492E905-07DD-44FF-8A35-3D54BC8F263F}.Debug|x86.ActiveCfg = Debug|Any CPU
		{7492E905-07DD-44FF-8A35-3D54BC8F263F}.Debug|x86.Build.0 = Debug|Any CPU
		{7492E905-07DD-44FF-8A35-3D54BC8F263F}.Release|Any CPU.ActiveCfg = Release|Any CPU
		{7492E905-07DD-44FF-8A35-3D54BC8F263F}.Release|Any CPU.Build.0 = Release|Any CPU
		{7492E905-07DD-44FF-8A35-3D54BC8F263F}.Release|ARM.ActiveCfg = Release|Any CPU
		{7492E905-07DD-44FF-8A35-3D54BC8F263F}.Release|ARM.Build.0 = Release|Any CPU
		{7492E905-07DD-44FF-8A35-3D54BC8F263F}.Release|iPhone.ActiveCfg = Release|Any CPU
		{7492E905-07DD-44FF-8A35-3D54BC8F263F}.Release|iPhone.Build.0 = Release|Any CPU
		{7492E905-07DD-44FF-8A35-3D54BC8F263F}.Release|iPhoneSimulator.ActiveCfg = Release|Any CPU
		{7492E905-07DD-44FF-8A35-3D54BC8F263F}.Release|iPhoneSimulator.Build.0 = Release|Any CPU
		{7492E905-07DD-44FF-8A35-3D54BC8F263F}.Release|x64.ActiveCfg = Release|Any CPU
		{7492E905-07DD-44FF-8A35-3D54BC8F263F}.Release|x64.Build.0 = Release|Any CPU
		{7492E905-07DD-44FF-8A35-3D54BC8F263F}.Release|x86.ActiveCfg = Release|Any CPU
		{7492E905-07DD-44FF-8A35-3D54BC8F263F}.Release|x86.Build.0 = Release|Any CPU
	EndGlobalSection
	GlobalSection(SolutionProperties) = preSolution
		HideSolutionNode = FALSE
	EndGlobalSection
	GlobalSection(ExtensibilityGlobals) = postSolution
		SolutionGuid = {F5399188-2304-4703-A27B-E19C3C4F7F2B}
	EndGlobalSection
EndGlobal
